
Microsoft Visual Studio Solution File, Format Version 12.00
# Visual Studio Version 17
VisualStudioVersion = 17.10.35122.118
MinimumVisualStudioVersion = 10.0.40219.1
Project("{FAE04EC0-301F-11D3-BF4B-00C04F79EFBC}") = "hoppKutya", "hoppKutya.csproj", "{1C4548C1-FD27-4D3F-B3F0-EAEB43732525}"
EndProject
Global
	GlobalSection(SolutionConfigurationPlatforms) = preSolution
		Debug|Any CPU = Debug|Any CPU
		Release|Any CPU = Release|Any CPU
	EndGlobalSection
	GlobalSection(ProjectConfigurationPlatforms) = postSolution
		{1C4548C1-FD27-4D3F-B3F0-EAEB43732525}.Debug|Any CPU.ActiveCfg = Debug|Any CPU
		{1C4548C1-FD27-4D3F-B3F0-EAEB43732525}.Debug|Any CPU.Build.0 = Debug|Any CPU
		{1C4548C1-FD27-4D3F-B3F0-EAEB43732525}.Release|Any CPU.ActiveCfg = Release|Any CPU
		{1C4548C1-FD27-4D3F-B3F0-EAEB43732525}.Release|Any CPU.Build.0 = Release|Any CPU
	EndGlobalSection
	GlobalSection(SolutionProperties) = preSolution
		HideSolutionNode = FALSE
	EndGlobalSection
	GlobalSection(ExtensibilityGlobals) = postSolution
		SolutionGuid = {0941810C-1A47-4293-AAC3-AEC9ACE88CE8}
	EndGlobalSection
EndGlobal
